<?xml version="1.0" encoding="utf-8"?>
<Project ToolsVersion="4.0" xmlns="http://schemas.microsoft.com/developer/msbuild/2003">
  <ItemGroup>
    <Filter Include="ソース ファイル">
      <UniqueIdentifier>{4FC737F1-C7A5-4376-A066-2A32D752A2FF}</UniqueIdentifier>
      <Extensions>cpp;c;cc;cxx;def;odl;idl;hpj;bat;asm;asmx</Extensions>
    </Filter>
    <Filter Include="ヘッダー ファイル">
      <UniqueIdentifier>{93995380-89BD-4b04-88EB-625FBE52EBFB}</UniqueIdentifier>
      <Extensions>h;hpp;hxx;hm;inl;inc;xsd</Extensions>
    </Filter>
    <Filter Include="リソース ファイル">
      <UniqueIdentifier>{67DA6AB6-F800-4c08-8B7A-83BB121AAD01}</UniqueIdentifier>
      <Extensions>rc;ico;cur;bmp;dlg;rc2;rct;bin;rgs;gif;jpg;jpeg;jpe;resx;tiff;tif;png;wav</Extensions>
    </Filter>
  </ItemGroup>
  <ItemGroup>
    <ClCompile Include="bmp.c">
      <Filter>ソース ファイル</Filter>
    </ClCompile>
    <ClCompile Include="dllmain.c">
      <Filter>ソース ファイル</Filter>
    </ClCompile>
    <ClCompile Include="font.c">
      <Filter>ソース ファイル</Filter>
    </ClCompile>
    <ClCompile Include="format.c">
      <Filter>ソース ファイル</Filter>
    </ClCompile>
    <ClCompile Include="hdd.c">
      <Filter>ソース ファイル</Filter>
    </ClCompile>
    <ClCompile Include="net.c">
      <Filter>ソース ファイル</Filter>
    </ClCompile>
    <ClCompile Include="newapi.c">
      <Filter>ソース ファイル</Filter>
    </ClCompile>
    <ClCompile Include="permon.c">
      <Filter>ソース ファイル</Filter>
    </ClCompile>
    <ClCompile Include="sysres.c">
      <Filter>ソース ファイル</Filter>
    </ClCompile>
    <ClCompile Include="tclock.c">
      <Filter>ソース ファイル</Filter>
    </ClCompile>
    <ClCompile Include="tooltip.c">
      <Filter>ソース ファイル</Filter>
    </ClCompile>
    <ClCompile Include="utl.c">
      <Filter>ソース ファイル</Filter>
    </ClCompile>
    <ClCompile Include="newCodes_Win10.cpp">
      <Filter>ソース ファイル</Filter>
    </ClCompile>
    <ClCompile Include="for_win11.c">
      <Filter>ソース ファイル</Filter>
    </ClCompile>
    <ClCompile Include="subclock.c">
      <Filter>ソース ファイル</Filter>
    </ClCompile>
    <ClCompile Include="gpumon.c">
      <Filter>ソース ファイル</Filter>
    </ClCompile>
  </ItemGroup>
  <ItemGroup>
    <ClInclude Include="resource.h">
      <Filter>ヘッダー ファイル</Filter>
    </ClInclude>
    <ClInclude Include="tcdll.h">
      <Filter>ヘッダー ファイル</Filter>
    </ClInclude>
  </ItemGroup>
  <ItemGroup>
    <None Include="tcdll.def">
      <Filter>ヘッダー ファイル</Filter>
    </None>
  </ItemGroup>
  <ItemGroup>
    <ResourceCompile Include="tcdll.rc">
      <Filter>リソース ファイル</Filter>
    </ResourceCompile>
  </ItemGroup>
  <ItemGroup>
    <Image Include="..\..\NO_Notification_01.bmp">
      <Filter>リソース ファイル</Filter>
    </Image>
    <Image Include="..\..\YES_Notification_01.bmp">
      <Filter>リソース ファイル</Filter>
    </Image>
    <Image Include="NO_Notification_01.bmp">
      <Filter>リソース ファイル</Filter>
    </Image>
    <Image Include="YES_Notification_01.bmp">
      <Filter>リソース ファイル</Filter>
    </Image>
    <Image Include="FOCUS_Notification.bmp">
      <Filter>リソース ファイル</Filter>
    </Image>
    <Image Include="..\..\作業ファイル\YES_Notification_02.bmp">
      <Filter>リソース ファイル</Filter>
    </Image>
    <Image Include="YES_Notification_02.bmp">
      <Filter>リソース ファイル</Filter>
    </Image>
  </ItemGroup>
</Project>